# Site
BASE_URL=https://seninsiten.com
PORT=3000

# free = PayTR kapalı, ödeme almadan test teslimatı
# paytr = PayTR aktif ödeme sistemi
SHOP_MODE=free

# PayTR - PayTR panelinden al
PAYTR_MERCHANT_ID=XXXXXX
PAYTR_MERCHANT_KEY=YYYYYYYYYYYYYY
PAYTR_MERCHANT_SALT=ZZZZZZZZZZZZZZ
PAYTR_TEST_MODE=1
PAYTR_DEBUG_ON=1

# Minecraft RCON - server.properties içinde enable-rcon=true olmalı
RCON_ENABLED=true
RCON_HOST=racingnw.mcsh.io
RCON_PORT=25575
RCON_PASSWORD=155963Uc.-

# LuckPerms grup isimleri
VIP_GROUP=vip
VIP_PLUS_GROUP=vipplus
MVIP_GROUP=mvip
MVIP_PLUS_GROUP=mvipplus

# Oyuncu Minecraft adını girince çalışacak teslimat komutu
# Değişkenler: {player}, {credits}, {product}, {selected_product}
MINECRAFT_DELIVERY_COMMAND_TEMPLATE=credits give {player} {credits}
